// !$*UTF8*$!
{
	archiveVersion = 1;
	classes = {
	};
	objectVersion = 51;
	objects = {

/* Begin PBXBuildFile section */
		84188B5A215E712601AA7B0F /* Pods_learnIOS.framework in Frameworks */ = {isa = PBXBuildFile; fileRef = 695C1AEA928E5EB82B719860 /* Pods_learnIOS.framework */; };
		9358FB4E248A3596003024B2 /* BubbleSort.m in Sources */ = {isa = PBXBuildFile; fileRef = 9358FB4D248A3596003024B2 /* BubbleSort.m */; };
		9358FB51248A3F7B003024B2 /* AlgrorithmTools.m in Sources */ = {isa = PBXBuildFile; fileRef = 9358FB50248A3F7B003024B2 /* AlgrorithmTools.m */; };
		9358FB54248A3FD1003024B2 /* SelectSort.m in Sources */ = {isa = PBXBuildFile; fileRef = 9358FB53248A3FD1003024B2 /* SelectSort.m */; };
		9358FB57248E0F75003024B2 /* InsertSort.m in Sources */ = {isa = PBXBuildFile; fileRef = 9358FB56248E0F75003024B2 /* InsertSort.m */; };
		93C588E6247B9BF900CEDD0A /* AppDelegate.m in Sources */ = {isa = PBXBuildFile; fileRef = 93C588E5247B9BF900CEDD0A /* AppDelegate.m */; };
		93C588E9247B9BF900CEDD0A /* SceneDelegate.m in Sources */ = {isa = PBXBuildFile; fileRef = 93C588E8247B9BF900CEDD0A /* SceneDelegate.m */; };
		93C588EC247B9BF900CEDD0A /* ViewController.m in Sources */ = {isa = PBXBuildFile; fileRef = 93C588EB247B9BF900CEDD0A /* ViewController.m */; };
		93C588EF247B9BF900CEDD0A /* Main.storyboard in Resources */ = {isa = PBXBuildFile; fileRef = 93C588ED247B9BF900CEDD0A /* Main.storyboard */; };
		93C588F1247B9C0000CEDD0A /* Assets.xcassets in Resources */ = {isa = PBXBuildFile; fileRef = 93C588F0247B9C0000CEDD0A /* Assets.xcassets */; };
		93C588F4247B9C0000CEDD0A /* LaunchScreen.storyboard in Resources */ = {isa = PBXBuildFile; fileRef = 93C588F2247B9C0000CEDD0A /* LaunchScreen.storyboard */; };
		93C588F7247B9C0000CEDD0A /* main.m in Sources */ = {isa = PBXBuildFile; fileRef = 93C588F6247B9C0000CEDD0A /* main.m */; };
		93C58900247B9EB900CEDD0A /* LRUCacheMap.m in Sources */ = {isa = PBXBuildFile; fileRef = 93C588FF247B9EB900CEDD0A /* LRUCacheMap.m */; };
/* End PBXBuildFile section */

/* Begin PBXFileReference section */
		14452D0292EE3EBC4BCDDCE0 /* Pods-learnIOS.release.xcconfig */ = {isa = PBXFileReference; includeInIndex = 1; lastKnownFileType = text.xcconfig; name = "Pods-learnIOS.release.xcconfig"; path = "Target Support Files/Pods-learnIOS/Pods-learnIOS.release.xcconfig"; sourceTree = "<group>"; };
		35FCC2F6B0C21CC237AC7AFF /* Pods-learnIOS.debug.xcconfig */ = {isa = PBXFileReference; includeInIndex = 1; lastKnownFileType = text.xcconfig; name = "Pods-learnIOS.debug.xcconfig"; path = "Target Support Files/Pods-learnIOS/Pods-learnIOS.debug.xcconfig"; sourceTree = "<group>"; };
		695C1AEA928E5EB82B719860 /* Pods_learnIOS.framework */ = {isa = PBXFileReference; explicitFileType = wrapper.framework; includeInIndex = 0; path = Pods_learnIOS.framework; sourceTree = BUILT_PRODUCTS_DIR; };
		9358FB452489DAE0003024B2 /* Algrorithm.h */ = {isa = PBXFileReference; lastKnownFileType = sourcecode.c.h; path = Algrorithm.h; sourceTree = "<group>"; };
		9358FB492489EB22003024B2 /* PrefixHeader.pch */ = {isa = PBXFileReference; lastKnownFileType = sourcecode.c.h; path = PrefixHeader.pch; sourceTree = "<group>"; };
		9358FB4B2489F805003024B2 /* Git.h */ = {isa = PBXFileReference; lastKnownFileType = sourcecode.c.h; path = Git.h; sourceTree = "<group>"; };
		9358FB4C248A3596003024B2 /* BubbleSort.h */ = {isa = PBXFileReference; lastKnownFileType = sourcecode.c.h; path = BubbleSort.h; sourceTree = "<group>"; };
		9358FB4D248A3596003024B2 /* BubbleSort.m */ = {isa = PBXFileReference; lastKnownFileType = sourcecode.c.objc; path = BubbleSort.m; sourceTree = "<group>"; };
		9358FB4F248A3F7B003024B2 /* AlgrorithmTools.h */ = {isa = PBXFileReference; lastKnownFileType = sourcecode.c.h; path = AlgrorithmTools.h; sourceTree = "<group>"; };
		9358FB50248A3F7B003024B2 /* AlgrorithmTools.m */ = {isa = PBXFileReference; lastKnownFileType = sourcecode.c.objc; path = AlgrorithmTools.m; sourceTree = "<group>"; };
		9358FB52248A3FD1003024B2 /* SelectSort.h */ = {isa = PBXFileReference; lastKnownFileType = sourcecode.c.h; path = SelectSort.h; sourceTree = "<group>"; };
		9358FB53248A3FD1003024B2 /* SelectSort.m */ = {isa = PBXFileReference; lastKnownFileType = sourcecode.c.objc; path = SelectSort.m; sourceTree = "<group>"; };
		9358FB55248E0F75003024B2 /* InsertSort.h */ = {isa = PBXFileReference; lastKnownFileType = sourcecode.c.h; path = InsertSort.h; sourceTree = "<group>"; };
		9358FB56248E0F75003024B2 /* InsertSort.m */ = {isa = PBXFileReference; lastKnownFileType = sourcecode.c.objc; path = InsertSort.m; sourceTree = "<group>"; };
		93C588E1247B9BF900CEDD0A /* learnIOS.app */ = {isa = PBXFileReference; explicitFileType = wrapper.application; includeInIndex = 0; path = learnIOS.app; sourceTree = BUILT_PRODUCTS_DIR; };
		93C588E4247B9BF900CEDD0A /* AppDelegate.h */ = {isa = PBXFileReference; lastKnownFileType = sourcecode.c.h; path = AppDelegate.h; sourceTree = "<group>"; };
		93C588E5247B9BF900CEDD0A /* AppDelegate.m */ = {isa = PBXFileReference; lastKnownFileType = sourcecode.c.objc; path = AppDelegate.m; sourceTree = "<group>"; };
		93C588E7247B9BF900CEDD0A /* SceneDelegate.h */ = {isa = PBXFileReference; lastKnownFileType = sourcecode.c.h; path = SceneDelegate.h; sourceTree = "<group>"; };
		93C588E8247B9BF900CEDD0A /* SceneDelegate.m */ = {isa = PBXFileReference; lastKnownFileType = sourcecode.c.objc; path = SceneDelegate.m; sourceTree = "<group>"; };
		93C588EA247B9BF900CEDD0A /* ViewController.h */ = {isa = PBXFileReference; lastKnownFileType = sourcecode.c.h; path = ViewController.h; sourceTree = "<group>"; };
		93C588EB247B9BF900CEDD0A /* ViewController.m */ = {isa = PBXFileReference; lastKnownFileType = sourcecode.c.objc; path = ViewController.m; sourceTree = "<group>"; };
		93C588EE247B9BF900CEDD0A /* Base */ = {isa = PBXFileReference; lastKnownFileType = file.storyboard; name = Base; path = Base.lproj/Main.storyboard; sourceTree = "<group>"; };
		93C588F0247B9C0000CEDD0A /* Assets.xcassets */ = {isa = PBXFileReference; lastKnownFileType = folder.assetcatalog; path = Assets.xcassets; sourceTree = "<group>"; };
		93C588F3247B9C0000CEDD0A /* Base */ = {isa = PBXFileReference; lastKnownFileType = file.storyboard; name = Base; path = Base.lproj/LaunchScreen.storyboard; sourceTree = "<group>"; };
		93C588F5247B9C0000CEDD0A /* Info.plist */ = {isa = PBXFileReference; lastKnownFileType = text.plist.xml; path = Info.plist; sourceTree = "<group>"; };
		93C588F6247B9C0000CEDD0A /* main.m */ = {isa = PBXFileReference; lastKnownFileType = sourcecode.c.objc; path = main.m; sourceTree = "<group>"; };
		93C588FE247B9EB900CEDD0A /* LRUCacheMap.h */ = {isa = PBXFileReference; lastKnownFileType = sourcecode.c.h; path = LRUCacheMap.h; sourceTree = "<group>"; };
		93C588FF247B9EB900CEDD0A /* LRUCacheMap.m */ = {isa = PBXFileReference; lastKnownFileType = sourcecode.c.objc; path = LRUCacheMap.m; sourceTree = "<group>"; };
/* End PBXFileReference section */

/* Begin PBXFrameworksBuildPhase section */
		93C588DE247B9BF900CEDD0A /* Frameworks */ = {
			isa = PBXFrameworksBuildPhase;
			buildActionMask = 2147483647;
			files = (
				84188B5A215E712601AA7B0F /* Pods_learnIOS.framework in Frameworks */,
			);
			runOnlyForDeploymentPostprocessing = 0;
		};
/* End PBXFrameworksBuildPhase section */

/* Begin PBXGroup section */
		6ED7425CD8C7B9794F862CD1 /* Frameworks */ = {
			isa = PBXGroup;
			children = (
				695C1AEA928E5EB82B719860 /* Pods_learnIOS.framework */,
			);
			name = Frameworks;
			sourceTree = "<group>";
		};
		900FCDD08BA226AB0DE3720E /* Pods */ = {
			isa = PBXGroup;
			children = (
				35FCC2F6B0C21CC237AC7AFF /* Pods-learnIOS.debug.xcconfig */,
				14452D0292EE3EBC4BCDDCE0 /* Pods-learnIOS.release.xcconfig */,
			);
			path = Pods;
			sourceTree = "<group>";
		};
		9358FB4A2489F7B9003024B2 /* docs */ = {
			isa = PBXGroup;
			children = (
				9358FB4B2489F805003024B2 /* Git.h */,
			);
			path = docs;
			sourceTree = "<group>";
		};
		93C588D8247B9BF900CEDD0A = {
			isa = PBXGroup;
			children = (
				93C588E3247B9BF900CEDD0A /* learnIOS */,
				93C588E2247B9BF900CEDD0A /* Products */,
				900FCDD08BA226AB0DE3720E /* Pods */,
				6ED7425CD8C7B9794F862CD1 /* Frameworks */,
			);
			sourceTree = "<group>";
		};
		93C588E2247B9BF900CEDD0A /* Products */ = {
			isa = PBXGroup;
			children = (
				93C588E1247B9BF900CEDD0A /* learnIOS.app */,
			);
			name = Products;
			sourceTree = "<group>";
		};
		93C588E3247B9BF900CEDD0A /* learnIOS */ = {
			isa = PBXGroup;
			children = (
				9358FB492489EB22003024B2 /* PrefixHeader.pch */,
				9358FB4A2489F7B9003024B2 /* docs */,
				93C588FD247B9E4900CEDD0A /* Algrorithm */,
				93C588E4247B9BF900CEDD0A /* AppDelegate.h */,
				93C588E5247B9BF900CEDD0A /* AppDelegate.m */,
				93C588E7247B9BF900CEDD0A /* SceneDelegate.h */,
				93C588E8247B9BF900CEDD0A /* SceneDelegate.m */,
				93C588EA247B9BF900CEDD0A /* ViewController.h */,
				93C588EB247B9BF900CEDD0A /* ViewController.m */,
				93C588ED247B9BF900CEDD0A /* Main.storyboard */,
				93C588F0247B9C0000CEDD0A /* Assets.xcassets */,
				93C588F2247B9C0000CEDD0A /* LaunchScreen.storyboard */,
				93C588F5247B9C0000CEDD0A /* Info.plist */,
				93C588F6247B9C0000CEDD0A /* main.m */,
			);
			path = learnIOS;
			sourceTree = "<group>";
		};
		93C588FD247B9E4900CEDD0A /* Algrorithm */ = {
			isa = PBXGroup;
			children = (
				9358FB452489DAE0003024B2 /* Algrorithm.h */,
				9358FB4F248A3F7B003024B2 /* AlgrorithmTools.h */,
				9358FB50248A3F7B003024B2 /* AlgrorithmTools.m */,
				93C588FE247B9EB900CEDD0A /* LRUCacheMap.h */,
				93C588FF247B9EB900CEDD0A /* LRUCacheMap.m */,
				9358FB4C248A3596003024B2 /* BubbleSort.h */,
				9358FB4D248A3596003024B2 /* BubbleSort.m */,
				9358FB52248A3FD1003024B2 /* SelectSort.h */,
				9358FB53248A3FD1003024B2 /* SelectSort.m */,
				9358FB55248E0F75003024B2 /* InsertSort.h */,
				9358FB56248E0F75003024B2 /* InsertSort.m */,
			);
			path = Algrorithm;
			sourceTree = "<group>";
		};
/* End PBXGroup section */

/* Begin PBXNativeTarget section */
		93C588E0247B9BF900CEDD0A /* learnIOS */ = {
			isa = PBXNativeTarget;
			buildConfigurationList = 93C588FA247B9C0000CEDD0A /* Build configuration list for PBXNativeTarget "learnIOS" */;
			buildPhases = (
				98190055CF1FA67F99B27BCD /* [CP] Check Pods Manifest.lock */,
				93C588DD247B9BF900CEDD0A /* Sources */,
				93C588DE247B9BF900CEDD0A /* Frameworks */,
				93C588DF247B9BF900CEDD0A /* Resources */,
				E862CEBD609C38F0A17F7C49 /* [CP] Embed Pods Frameworks */,
			);
			buildRules = (
			);
			dependencies = (
			);
			name = learnIOS;
			productName = learnIOS;
			productReference = 93C588E1247B9BF900CEDD0A /* learnIOS.app */;
			productType = "com.apple.product-type.application";
		};
/* End PBXNativeTarget section */

/* Begin PBXProject section */
		93C588D9247B9BF900CEDD0A /* Project object */ = {
			isa = PBXProject;
			attributes = {
				LastUpgradeCheck = 1150;
				ORGANIZATIONNAME = saifengzhang;
				TargetAttributes = {
					93C588E0247B9BF900CEDD0A = {
						CreatedOnToolsVersion = 11.5;
					};
				};
			};
			buildConfigurationList = 93C588DC247B9BF900CEDD0A /* Build configuration list for PBXProject "learnIOS" */;
			compatibilityVersion = "Xcode 9.3";
			developmentRegion = en;
			hasScannedForEncodings = 0;
			knownRegions = (
				en,
				Base,
			);
			mainGroup = 93C588D8247B9BF900CEDD0A;
			productRefGroup = 93C588E2247B9BF900CEDD0A /* Products */;
			projectDirPath = "";
			projectRoot = "";
			targets = (
				93C588E0247B9BF900CEDD0A /* learnIOS */,
			);
		};
/* End PBXProject section */

/* Begin PBXResourcesBuildPhase section */
		93C588DF247B9BF900CEDD0A /* Resources */ = {
			isa = PBXResourcesBuildPhase;
			buildActionMask = 2147483647;
			files = (
				93C588F4247B9C0000CEDD0A /* LaunchScreen.storyboard in Resources */,
				93C588F1247B9C0000CEDD0A /* Assets.xcassets in Resources */,
				93C588EF247B9BF900CEDD0A /* Main.storyboard in Resources */,
			);
			runOnlyForDeploymentPostprocessing = 0;
		};
/* End PBXResourcesBuildPhase section */

/* Begin PBXShellScriptBuildPhase section */
		98190055CF1FA67F99B27BCD /* [CP] Check Pods Manifest.lock */ = {
			isa = PBXShellScriptBuildPhase;
			buildActionMask = 2147483647;
			files = (
			);
			inputFileListPaths = (
			);
			inputPaths = (
				"${PODS_PODFILE_DIR_PATH}/Podfile.lock",
				"${PODS_ROOT}/Manifest.lock",
			);
			name = "[CP] Check Pods Manifest.lock";
			outputFileListPaths = (
			);
			outputPaths = (
				"$(DERIVED_FILE_DIR)/Pods-learnIOS-checkManifestLockResult.txt",
			);
			runOnlyForDeploymentPostprocessing = 0;
			shellPath = /bin/sh;
			shellScript = "diff \"${PODS_PODFILE_DIR_PATH}/Podfile.lock\" \"${PODS_ROOT}/Manifest.lock\" > /dev/null\nif [ $? != 0 ] ; then\n    # print error to STDERR\n    echo \"error: The sandbox is not in sync with the Podfile.lock. Run 'pod install' or update your CocoaPods installation.\" >&2\n    exit 1\nfi\n# This output is used by Xcode 'outputs' to avoid re-running this script phase.\necho \"SUCCESS\" > \"${SCRIPT_OUTPUT_FILE_0}\"\n";
			showEnvVarsInLog = 0;
		};
		E862CEBD609C38F0A17F7C49 /* [CP] Embed Pods Frameworks */ = {
			isa = PBXShellScriptBuildPhase;
			buildActionMask = 2147483647;
			files = (
			);
			inputFileListPaths = (
				"${PODS_ROOT}/Target Support Files/Pods-learnIOS/Pods-learnIOS-frameworks-${CONFIGURATION}-input-files.xcfilelist",
			);
			name = "[CP] Embed Pods Frameworks";
			outputFileListPaths = (
				"${PODS_ROOT}/Target Support Files/Pods-learnIOS/Pods-learnIOS-frameworks-${CONFIGURATION}-output-files.xcfilelist",
			);
			runOnlyForDeploymentPostprocessing = 0;
			shellPath = /bin/sh;
			shellScript = "\"${PODS_ROOT}/Target Support Files/Pods-learnIOS/Pods-learnIOS-frameworks.sh\"\n";
			showEnvVarsInLog = 0;
		};
/* End PBXShellScriptBuildPhase section */

/* Begin PBXSourcesBuildPhase section */
		93C588DD247B9BF900CEDD0A /* Sources */ = {
			isa = PBXSourcesBuildPhase;
			buildActionMask = 2147483647;
			files = (
				93C588EC247B9BF900CEDD0A /* ViewController.m in Sources */,
				93C588E6247B9BF900CEDD0A /* AppDelegate.m in Sources */,
				93C58900247B9EB900CEDD0A /* LRUCacheMap.m in Sources */,
				9358FB51248A3F7B003024B2 /* AlgrorithmTools.m in Sources */,
				93C588F7247B9C0000CEDD0A /* main.m in Sources */,
				93C588E9247B9BF900CEDD0A /* SceneDelegate.m in Sources */,
				9358FB4E248A3596003024B2 /* BubbleSort.m in Sources */,
				9358FB57248E0F75003024B2 /* InsertSort.m in Sources */,
				9358FB54248A3FD1003024B2 /* SelectSort.m in Sources */,
			);
			runOnlyForDeploymentPostprocessing = 0;
		};
/* End PBXSourcesBuildPhase section */

/* Begin PBXVariantGroup section */
		93C588ED247B9BF900CEDD0A /* Main.storyboard */ = {
			isa = PBXVariantGroup;
			children = (
				93C588EE247B9BF900CEDD0A /* Base */,
			);
			name = Main.storyboard;
			sourceTree = "<group>";
		};
		93C588F2247B9C0000CEDD0A /* LaunchScreen.storyboard */ = {
			isa = PBXVariantGroup;
			children = (
				93C588F3247B9C0000CEDD0A /* Base */,
			);
			name = LaunchScreen.storyboard;
			sourceTree = "<group>";
		};
/* End PBXVariantGroup section */

/* Begin XCBuildConfiguration section */
		93C588F8247B9C0000CEDD0A /* Debug */ = {
			isa = XCBuildConfiguration;
			buildSettings = {
				ALWAYS_SEARCH_USER_PATHS = NO;
				CLANG_ANALYZER_NONNULL = YES;
				CLANG_ANALYZER_NUMBER_OBJECT_CONVERSION = YES_AGGRESSIVE;
				CLANG_CXX_LANGUAGE_STANDARD = "gnu++14";
				CLANG_CXX_LIBRARY = "libc++";
				CLANG_ENABLE_MODULES = YES;
				CLANG_ENABLE_OBJC_ARC = YES;
				CLANG_ENABLE_OBJC_WEAK = YES;
				CLANG_WARN_BLOCK_CAPTURE_AUTORELEASING = YES;
				CLANG_WARN_BOOL_CONVERSION = YES;
				CLANG_WARN_COMMA = YES;
				CLANG_WARN_CONSTANT_CONVERSION = YES;
				CLANG_WARN_DEPRECATED_OBJC_IMPLEMENTATIONS = YES;
				CLANG_WARN_DIRECT_OBJC_ISA_USAGE = YES_ERROR;
				CLANG_WARN_DOCUMENTATION_COMMENTS = YES;
				CLANG_WARN_EMPTY_BODY = YES;
				CLANG_WARN_ENUM_CONVERSION = YES;
				CLANG_WARN_INFINITE_RECURSION = YES;
				CLANG_WARN_INT_CONVERSION = YES;
				CLANG_WARN_NON_LITERAL_NULL_CONVERSION = YES;
				CLANG_WARN_OBJC_IMPLICIT_RETAIN_SELF = YES;
				CLANG_WARN_OBJC_LITERAL_CONVERSION = YES;
				CLANG_WARN_OBJC_ROOT_CLASS = YES_ERROR;
				CLANG_WARN_RANGE_LOOP_ANALYSIS = YES;
				CLANG_WARN_STRICT_PROTOTYPES = YES;
				CLANG_WARN_SUSPICIOUS_MOVE = YES;
				CLANG_WARN_UNGUARDED_AVAILABILITY = YES_AGGRESSIVE;
				CLANG_WARN_UNREACHABLE_CODE = YES;
				CLANG_WARN__DUPLICATE_METHOD_MATCH = YES;
				COPY_PHASE_STRIP = NO;
				DEBUG_INFORMATION_FORMAT = dwarf;
				ENABLE_STRICT_OBJC_MSGSEND = YES;
				ENABLE_TESTABILITY = YES;
				GCC_C_LANGUAGE_STANDARD = gnu11;
				GCC_DYNAMIC_NO_PIC = NO;
				GCC_NO_COMMON_BLOCKS = YES;
				GCC_OPTIMIZATION_LEVEL = 0;
				GCC_PREPROCESSOR_DEFINITIONS = (
					"DEBUG=1",
					"$(inherited)",
				);
				GCC_WARN_64_TO_32_BIT_CONVERSION = YES;
				GCC_WARN_ABOUT_RETURN_TYPE = YES_ERROR;
				GCC_WARN_UNDECLARED_SELECTOR = YES;
				GCC_WARN_UNINITIALIZED_AUTOS = YES_AGGRESSIVE;
				GCC_WARN_UNUSED_FUNCTION = YES;
				GCC_WARN_UNUSED_VARIABLE = YES;
				IPHONEOS_DEPLOYMENT_TARGET = 13.5;
				MTL_ENABLE_DEBUG_INFO = INCLUDE_SOURCE;
				MTL_FAST_MATH = YES;
				ONLY_ACTIVE_ARCH = YES;
				SDKROOT = iphoneos;
			};
			name = Debug;
		};
		93C588F9247B9C0000CEDD0A /* Release */ = {
			isa = XCBuildConfiguration;
			buildSettings = {
				ALWAYS_SEARCH_USER_PATHS = NO;
				CLANG_ANALYZER_NONNULL = YES;
				CLANG_ANALYZER_NUMBER_OBJECT_CONVERSION = YES_AGGRESSIVE;
				CLANG_CXX_LANGUAGE_STANDARD = "gnu++14";
				CLANG_CXX_LIBRARY = "libc++";
				CLANG_ENABLE_MODULES = YES;
				CLANG_ENABLE_OBJC_ARC = YES;
				CLANG_ENABLE_OBJC_WEAK = YES;
				CLANG_WARN_BLOCK_CAPTURE_AUTORELEASING = YES;
				CLANG_WARN_BOOL_CONVERSION = YES;
				CLANG_WARN_COMMA = YES;
				CLANG_WARN_CONSTANT_CONVERSION = YES;
				CLANG_WARN_DEPRECATED_OBJC_IMPLEMENTATIONS = YES;
				CLANG_WARN_DIRECT_OBJC_ISA_USAGE = YES_ERROR;
				CLANG_WARN_DOCUMENTATION_COMMENTS = YES;
				CLANG_WARN_EMPTY_BODY = YES;
				CLANG_WARN_ENUM_CONVERSION = YES;
				CLANG_WARN_INFINITE_RECURSION = YES;
				CLANG_WARN_INT_CONVERSION = YES;
				CLANG_WARN_NON_LITERAL_NULL_CONVERSION = YES;
				CLANG_WARN_OBJC_IMPLICIT_RETAIN_SELF = YES;
				CLANG_WARN_OBJC_LITERAL_CONVERSION = YES;
				CLANG_WARN_OBJC_ROOT_CLASS = YES_ERROR;
				CLANG_WARN_RANGE_LOOP_ANALYSIS = YES;
				CLANG_WARN_STRICT_PROTOTYPES = YES;
				CLANG_WARN_SUSPICIOUS_MOVE = YES;
				CLANG_WARN_UNGUARDED_AVAILABILITY = YES_AGGRESSIVE;
				CLANG_WARN_UNREACHABLE_CODE = YES;
				CLANG_WARN__DUPLICATE_METHOD_MATCH = YES;
				COPY_PHASE_STRIP = NO;
				DEBUG_INFORMATION_FORMAT = "dwarf-with-dsym";
				ENABLE_NS_ASSERTIONS = NO;
				ENABLE_STRICT_OBJC_MSGSEND = YES;
				GCC_C_LANGUAGE_STANDARD = gnu11;
				GCC_NO_COMMON_BLOCKS = YES;
				GCC_WARN_64_TO_32_BIT_CONVERSION = YES;
				GCC_WARN_ABOUT_RETURN_TYPE = YES_ERROR;
				GCC_WARN_UNDECLARED_SELECTOR = YES;
				GCC_WARN_UNINITIALIZED_AUTOS = YES_AGGRESSIVE;
				GCC_WARN_UNUSED_FUNCTION = YES;
				GCC_WARN_UNUSED_VARIABLE = YES;
				IPHONEOS_DEPLOYMENT_TARGET = 13.5;
				MTL_ENABLE_DEBUG_INFO = NO;
				MTL_FAST_MATH = YES;
				SDKROOT = iphoneos;
				VALIDATE_PRODUCT = YES;
			};
			name = Release;
		};
		93C588FB247B9C0000CEDD0A /* Debug */ = {
			isa = XCBuildConfiguration;
			baseConfigurationReference = 35FCC2F6B0C21CC237AC7AFF /* Pods-learnIOS.debug.xcconfig */;
			buildSettings = {
				ASSETCATALOG_COMPILER_APPICON_NAME = AppIcon;
				CODE_SIGN_STYLE = Automatic;
				GCC_PREFIX_HEADER = learnIOS/PrefixHeader.pch;
				INFOPLIST_FILE = learnIOS/Info.plist;
				LD_RUNPATH_SEARCH_PATHS = (
					"$(inherited)",
					"@executable_path/Frameworks",
				);
				PRODUCT_BUNDLE_IDENTIFIER = com.ifchange.learnIOS;
				PRODUCT_NAME = "$(TARGET_NAME)";
				TARGETED_DEVICE_FAMILY = "1,2";
			};
			name = Debug;
		};
		93C588FC247B9C0000CEDD0A /* Release */ = {
			isa = XCBuildConfiguration;
			baseConfigurationReference = 14452D0292EE3EBC4BCDDCE0 /* Pods-learnIOS.release.xcconfig */;
			buildSettings = {
				ASSETCATALOG_COMPILER_APPICON_NAME = AppIcon;
				CODE_SIGN_STYLE = Automatic;
				GCC_PREFIX_HEADER = learnIOS/PrefixHeader.pch;
				INFOPLIST_FILE = learnIOS/Info.plist;
				LD_RUNPATH_SEARCH_PATHS = (
					"$(inherited)",
					"@executable_path/Frameworks",
				);
				PRODUCT_BUNDLE_IDENTIFIER = com.ifchange.learnIOS;
				PRODUCT_NAME = "$(TARGET_NAME)";
				TARGETED_DEVICE_FAMILY = "1,2";
			};
			name = Release;
		};
/* End XCBuildConfiguration section */

/* Begin XCConfigurationList section */
		93C588DC247B9BF900CEDD0A /* Build configuration list for PBXProject "learnIOS" */ = {
			isa = XCConfigurationList;
			buildConfigurations = (
				93C588F8247B9C0000CEDD0A /* Debug */,
				93C588F9247B9C0000CEDD0A /* Release */,
			);
			defaultConfigurationIsVisible = 0;
			defaultConfigurationName = Release;
		};
		93C588FA247B9C0000CEDD0A /* Build configuration list for PBXNativeTarget "learnIOS" */ = {
			isa = XCConfigurationList;
			buildConfigurations = (
				93C588FB247B9C0000CEDD0A /* Debug */,
				93C588FC247B9C0000CEDD0A /* Release */,
			);
			defaultConfigurationIsVisible = 0;
			defaultConfigurationName = Release;
		};
/* End XCConfigurationList section */
	};
	rootObject = 93C588D9247B9BF900CEDD0A /* Project object */;
}
